
Microsoft Visual Studio Solution File, Format Version 12.00
# Visual Studio Version 17
VisualStudioVersion = 17.4.33103.184
MinimumVisualStudioVersion = 10.0.40219.1
Project("{FAE04EC0-301F-11D3-BF4B-00C04F79EFBC}") = "Wpf_HW_2", "Wpf_HW_2.csproj", "{2FCF27F6-624F-4DC8-A2CA-3453D6ABBEF3}"
EndProject
Global
	GlobalSection(SolutionConfigurationPlatforms) = preSolution
		Debug|Any CPU = Debug|Any CPU
		Release|Any CPU = Release|Any CPU
	EndGlobalSection
	GlobalSection(ProjectConfigurationPlatforms) = postSolution
		{2FCF27F6-624F-4DC8-A2CA-3453D6ABBEF3}.Debug|Any CPU.ActiveCfg = Debug|Any CPU
		{2FCF27F6-624F-4DC8-A2CA-3453D6ABBEF3}.Debug|Any CPU.Build.0 = Debug|Any CPU
		{2FCF27F6-624F-4DC8-A2CA-3453D6ABBEF3}.Release|Any CPU.ActiveCfg = Release|Any CPU
		{2FCF27F6-624F-4DC8-A2CA-3453D6ABBEF3}.Release|Any CPU.Build.0 = Release|Any CPU
	EndGlobalSection
	GlobalSection(SolutionProperties) = preSolution
		HideSolutionNode = FALSE
	EndGlobalSection
	GlobalSection(ExtensibilityGlobals) = postSolution
		SolutionGuid = {D0933845-2CDD-4887-B844-A241CC18C9E7}
	EndGlobalSection
EndGlobal
